{
  "name": "architecture-bionicpro",
  "lockfileVersion": 3,
  "requires": true,
  "packages": {
    "": {
      "dependencies": {
        "keycloak-js": "^26.1.5"
      }
    },
    "node_modules/keycloak-js": {
      "version": "26.1.5",
      "resolved": "https://registry.npmjs.org/keycloak-js/-/keycloak-js-26.1.5.tgz",
      "integrity": "sha512-5m8DQceKgBD+iVyy8GYeOiH3Hu12q6azAxhBRabVnZANt5BEi9r/qEXyOeye9yzrjqPF6RlH48TTTYNd1iXZMQ==",
      "license": "Apache-2.0"
    }
  }
}
